
Microsoft Visual Studio Solution File, Format Version 12.00
Project("{FAE04EC0-301F-11D3-BF4B-00C04F79EFBC}") = "GraphQL", "GraphQL\GraphQL.csproj", "{195B02C5-D83B-4945-9088-4A38944E58BE}"
EndProject
Global
	GlobalSection(SolutionConfigurationPlatforms) = preSolution
		Debug|Any CPU = Debug|Any CPU
		Release|Any CPU = Release|Any CPU
		x64|x64 = x64|x64
	EndGlobalSection
	GlobalSection(ProjectConfigurationPlatforms) = postSolution
		{195B02C5-D83B-4945-9088-4A38944E58BE}.Debug|Any CPU.ActiveCfg = Debug|Any CPU
		{195B02C5-D83B-4945-9088-4A38944E58BE}.Debug|Any CPU.Build.0 = Debug|Any CPU
		{195B02C5-D83B-4945-9088-4A38944E58BE}.Release|Any CPU.ActiveCfg = Release|Any CPU
		{195B02C5-D83B-4945-9088-4A38944E58BE}.Release|Any CPU.Build.0 = Release|Any CPU
		{195B02C5-D83B-4945-9088-4A38944E58BE}.x64|x64.ActiveCfg = x64|x64
		{195B02C5-D83B-4945-9088-4A38944E58BE}.x64|x64.Build.0 = x64|x64
		{195B02C5-D83B-4945-9088-4A38944E58BE}.x64|x64.Deploy.0 = x64|x64
	EndGlobalSection
EndGlobal
